
Microsoft Visual Studio Solution File, Format Version 12.00
# Visual Studio Version 17
VisualStudioVersion = 17.6.33815.320
MinimumVisualStudioVersion = 10.0.40219.1
Project("{FAE04EC0-301F-11D3-BF4B-00C04F79EFBC}") = "Recursion1.25", "Recursion1.25.csproj", "{BFFFAED7-F274-4DC6-8F4B-C4A611814B5B}"
EndProject
Global
	GlobalSection(SolutionConfigurationPlatforms) = preSolution
		Debug|Any CPU = Debug|Any CPU
		Release|Any CPU = Release|Any CPU
	EndGlobalSection
	GlobalSection(ProjectConfigurationPlatforms) = postSolution
		{BFFFAED7-F274-4DC6-8F4B-C4A611814B5B}.Debug|Any CPU.ActiveCfg = Debug|Any CPU
		{BFFFAED7-F274-4DC6-8F4B-C4A611814B5B}.Debug|Any CPU.Build.0 = Debug|Any CPU
		{BFFFAED7-F274-4DC6-8F4B-C4A611814B5B}.Release|Any CPU.ActiveCfg = Release|Any CPU
		{BFFFAED7-F274-4DC6-8F4B-C4A611814B5B}.Release|Any CPU.Build.0 = Release|Any CPU
	EndGlobalSection
	GlobalSection(SolutionProperties) = preSolution
		HideSolutionNode = FALSE
	EndGlobalSection
	GlobalSection(ExtensibilityGlobals) = postSolution
		SolutionGuid = {EC0602F7-2271-4B14-9DE9-45230A9F6A51}
	EndGlobalSection
EndGlobal
